Microsoft Visual Studio Solution File, Format Version 12.00
# Visual Studio Version 17
VisualStudioVersion = 17.0.31912.275
MinimumVisualStudioVersion = 10.0.40219.1
Project("{FAE04EC0-301F-11D3-BF4B-00C04F79EFBC}") = "WalrusEtl.App", "WalrusEtl.App/WalrusEtl.App.csproj", "{01234567-89AB-CDEF-1234-567890ABCDEF}"
EndProject
Project("{FAE04EC0-301F-11D3-BF4B-00C04F79EFBC}") = "Twitter.Client", "Twitter.Client/Twitter.Client.csproj", "{C6A842D7-E8D9-4162-97CA-1ECD183F5EE8}"
EndProject
Project("{FAE04EC0-301F-11D3-BF4B-00C04F79EFBC}") = "Twitter.Client.Tests", "Twitter.Client.Tests/Twitter.Client.Tests.csproj", "{A880A729-63DD-43EF-946A-66F1469604B8}"
EndProject
Global
GlobalSection(SolutionConfigurationPlatforms) = preSolution
Debug|Any CPU = Debug|Any CPU
Release|Any CPU = Release|Any CPU
EndGlobalSection
GlobalSection(ProjectConfigurationPlatforms) = postSolution
{01234567-89AB-CDEF-1234-567890ABCDEF}.Debug|Any CPU.ActiveCfg = Debug|Any CPU
{01234567-89AB-CDEF-1234-567890ABCDEF}.Debug|Any CPU.Build.0 = Debug|Any CPU
{01234567-89AB-CDEF-1234-567890ABCDEF}.Release|Any CPU.ActiveCfg = Release|Any CPU
{01234567-89AB-CDEF-1234-567890ABCDEF}.Release|Any CPU.Build.0 = Release|Any CPU
{C6A842D7-E8D9-4162-97CA-1ECD183F5EE8}.Debug|Any CPU.ActiveCfg = Debug|Any CPU
{C6A842D7-E8D9-4162-97CA-1ECD183F5EE8}.Debug|Any CPU.Build.0 = Debug|Any CPU
{C6A842D7-E8D9-4162-97CA-1ECD183F5EE8}.Release|Any CPU.ActiveCfg = Release|Any CPU
{C6A842D7-E8D9-4162-97CA-1ECD183F5EE8}.Release|Any CPU.Build.0 = Release|Any CPU
{A880A729-63DD-43EF-946A-66F1469604B8}.Debug|Any CPU.ActiveCfg = Debug|Any CPU
{A880A729-63DD-43EF-946A-66F1469604B8}.Debug|Any CPU.Build.0 = Debug|Any CPU
{A880A729-63DD-43EF-946A-66F1469604B8}.Release|Any CPU.ActiveCfg = Release|Any CPU
{A880A729-63DD-43EF-946A-66F1469604B8}.Release|Any CPU.Build.0 = Release|Any CPU
EndGlobalSection
EndGlobal
